// !$*UTF8*$!
{
	archiveVersion = 1;
	classes = {
	};
	objectVersion = 50;
	objects = {

/* Begin PBXBuildFile section */
		4204A0632296850A00D5124D /* AppDelegate.swift in Sources */ = {isa = PBXBuildFile; fileRef = 4204A0622296850A00D5124D /* AppDelegate.swift */; };
		4204A0682296850A00D5124D /* Main.storyboard in Resources */ = {isa = PBXBuildFile; fileRef = 4204A0662296850A00D5124D /* Main.storyboard */; };
		4204A06A2296850B00D5124D /* Assets.xcassets in Resources */ = {isa = PBXBuildFile; fileRef = 4204A0692296850B00D5124D /* Assets.xcassets */; };
		4204A06D2296850B00D5124D /* LaunchScreen.storyboard in Resources */ = {isa = PBXBuildFile; fileRef = 4204A06B2296850B00D5124D /* LaunchScreen.storyboard */; };
		4204A0782296850B00D5124D /* AbodeifCheck24Tests.swift in Sources */ = {isa = PBXBuildFile; fileRef = 4204A0772296850B00D5124D /* AbodeifCheck24Tests.swift */; };
		4204A08F229688DD00D5124D /* ProductListTableViewController.swift in Sources */ = {isa = PBXBuildFile; fileRef = 4204A08E229688DD00D5124D /* ProductListTableViewController.swift */; };
		4204A0912296894D00D5124D /* ProductListFilterHeader.swift in Sources */ = {isa = PBXBuildFile; fileRef = 4204A0902296894D00D5124D /* ProductListFilterHeader.swift */; };
		4204A0932296895A00D5124D /* ProductListFilterHeader.xib in Resources */ = {isa = PBXBuildFile; fileRef = 4204A0922296895A00D5124D /* ProductListFilterHeader.xib */; };
		4204A09522968A0800D5124D /* ProductListFooter.xib in Resources */ = {isa = PBXBuildFile; fileRef = 4204A09422968A0800D5124D /* ProductListFooter.xib */; };
		4204A09722968A1B00D5124D /* ProductListFooter.swift in Sources */ = {isa = PBXBuildFile; fileRef = 4204A09622968A1B00D5124D /* ProductListFooter.swift */; };
/* End PBXBuildFile section */

/* Begin PBXContainerItemProxy section */
		4204A0742296850B00D5124D /* PBXContainerItemProxy */ = {
			isa = PBXContainerItemProxy;
			containerPortal = 4204A0572296850A00D5124D /* Project object */;
			proxyType = 1;
			remoteGlobalIDString = 4204A05E2296850A00D5124D;
			remoteInfo = AbodeifCheck24;
		};
/* End PBXContainerItemProxy section */

/* Begin PBXFileReference section */
		4204A05F2296850A00D5124D /* AbodeifCheck24.app */ = {isa = PBXFileReference; explicitFileType = wrapper.application; includeInIndex = 0; path = AbodeifCheck24.app; sourceTree = BUILT_PRODUCTS_DIR; };
		4204A0622296850A00D5124D /* AppDelegate.swift */ = {isa = PBXFileReference; lastKnownFileType = sourcecode.swift; path = AppDelegate.swift; sourceTree = "<group>"; };
		4204A0672296850A00D5124D /* Base */ = {isa = PBXFileReference; lastKnownFileType = file.storyboard; name = Base; path = Base.lproj/Main.storyboard; sourceTree = "<group>"; };
		4204A0692296850B00D5124D /* Assets.xcassets */ = {isa = PBXFileReference; lastKnownFileType = folder.assetcatalog; path = Assets.xcassets; sourceTree = "<group>"; };
		4204A06C2296850B00D5124D /* Base */ = {isa = PBXFileReference; lastKnownFileType = file.storyboard; name = Base; path = Base.lproj/LaunchScreen.storyboard; sourceTree = "<group>"; };
		4204A06E2296850B00D5124D /* Info.plist */ = {isa = PBXFileReference; lastKnownFileType = text.plist.xml; path = Info.plist; sourceTree = "<group>"; };
		4204A0732296850B00D5124D /* AbodeifCheck24Tests.xctest */ = {isa = PBXFileReference; explicitFileType = wrapper.cfbundle; includeInIndex = 0; path = AbodeifCheck24Tests.xctest; sourceTree = BUILT_PRODUCTS_DIR; };
		4204A0772296850B00D5124D /* AbodeifCheck24Tests.swift */ = {isa = PBXFileReference; lastKnownFileType = sourcecode.swift; path = AbodeifCheck24Tests.swift; sourceTree = "<group>"; };
		4204A0792296850B00D5124D /* Info.plist */ = {isa = PBXFileReference; lastKnownFileType = text.plist.xml; path = Info.plist; sourceTree = "<group>"; };
		4204A08E229688DD00D5124D /* ProductListTableViewController.swift */ = {isa = PBXFileReference; lastKnownFileType = sourcecode.swift; path = ProductListTableViewController.swift; sourceTree = "<group>"; };
		4204A0902296894D00D5124D /* ProductListFilterHeader.swift */ = {isa = PBXFileReference; lastKnownFileType = sourcecode.swift; path = ProductListFilterHeader.swift; sourceTree = "<group>"; };
		4204A0922296895A00D5124D /* ProductListFilterHeader.xib */ = {isa = PBXFileReference; lastKnownFileType = file.xib; path = ProductListFilterHeader.xib; sourceTree = "<group>"; };
		4204A09422968A0800D5124D /* ProductListFooter.xib */ = {isa = PBXFileReference; lastKnownFileType = file.xib; path = ProductListFooter.xib; sourceTree = "<group>"; };
		4204A09622968A1B00D5124D /* ProductListFooter.swift */ = {isa = PBXFileReference; lastKnownFileType = sourcecode.swift; path = ProductListFooter.swift; sourceTree = "<group>"; };
/* End PBXFileReference section */

/* Begin PBXFrameworksBuildPhase section */
		4204A05C2296850A00D5124D /* Frameworks */ = {
			isa = PBXFrameworksBuildPhase;
			buildActionMask = 2147483647;
			files = (
			);
			runOnlyForDeploymentPostprocessing = 0;
		};
		4204A0702296850B00D5124D /* Frameworks */ = {
			isa = PBXFrameworksBuildPhase;
			buildActionMask = 2147483647;
			files = (
			);
			runOnlyForDeploymentPostprocessing = 0;
		};
/* End PBXFrameworksBuildPhase section */

/* Begin PBXGroup section */
		4204A0562296850A00D5124D = {
			isa = PBXGroup;
			children = (
				4204A0612296850A00D5124D /* AbodeifCheck24 */,
				4204A0762296850B00D5124D /* AbodeifCheck24Tests */,
				4204A0602296850A00D5124D /* Products */,
			);
			sourceTree = "<group>";
		};
		4204A0602296850A00D5124D /* Products */ = {
			isa = PBXGroup;
			children = (
				4204A05F2296850A00D5124D /* AbodeifCheck24.app */,
				4204A0732296850B00D5124D /* AbodeifCheck24Tests.xctest */,
			);
			name = Products;
			sourceTree = "<group>";
		};
		4204A0612296850A00D5124D /* AbodeifCheck24 */ = {
			isa = PBXGroup;
			children = (
				4204A0822296853500D5124D /* View Controllers */,
				4204A0832296854000D5124D /* Storyboards */,
				4204A0862296855E00D5124D /* View Models */,
				4204A0852296855800D5124D /* Models */,
				4204A0842296854C00D5124D /* Network Layer */,
				4204A0882296857200D5124D /* Components */,
				4204A0872296856800D5124D /* Resources */,
				4204A0892296857900D5124D /* Utils */,
				4204A0622296850A00D5124D /* AppDelegate.swift */,
				4204A06E2296850B00D5124D /* Info.plist */,
			);
			path = AbodeifCheck24;
			sourceTree = "<group>";
		};
		4204A0762296850B00D5124D /* AbodeifCheck24Tests */ = {
			isa = PBXGroup;
			children = (
				4204A0772296850B00D5124D /* AbodeifCheck24Tests.swift */,
				4204A0792296850B00D5124D /* Info.plist */,
			);
			path = AbodeifCheck24Tests;
			sourceTree = "<group>";
		};
		4204A0822296853500D5124D /* View Controllers */ = {
			isa = PBXGroup;
			children = (
				4204A08E229688DD00D5124D /* ProductListTableViewController.swift */,
			);
			path = "View Controllers";
			sourceTree = "<group>";
		};
		4204A0832296854000D5124D /* Storyboards */ = {
			isa = PBXGroup;
			children = (
				4204A0662296850A00D5124D /* Main.storyboard */,
				4204A06B2296850B00D5124D /* LaunchScreen.storyboard */,
			);
			path = Storyboards;
			sourceTree = "<group>";
		};
		4204A0842296854C00D5124D /* Network Layer */ = {
			isa = PBXGroup;
			children = (
			);
			path = "Network Layer";
			sourceTree = "<group>";
		};
		4204A0852296855800D5124D /* Models */ = {
			isa = PBXGroup;
			children = (
			);
			path = Models;
			sourceTree = "<group>";
		};
		4204A0862296855E00D5124D /* View Models */ = {
			isa = PBXGroup;
			children = (
			);
			path = "View Models";
			sourceTree = "<group>";
		};
		4204A0872296856800D5124D /* Resources */ = {
			isa = PBXGroup;
			children = (
				4204A0692296850B00D5124D /* Assets.xcassets */,
			);
			path = Resources;
			sourceTree = "<group>";
		};
		4204A0882296857200D5124D /* Components */ = {
			isa = PBXGroup;
			children = (
				4204A09822968A2400D5124D /* ProductListTable */,
			);
			path = Components;
			sourceTree = "<group>";
		};
		4204A0892296857900D5124D /* Utils */ = {
			isa = PBXGroup;
			children = (
				4204A08B2296858D00D5124D /* Extensions */,
				4204A08A2296858600D5124D /* Constants */,
			);
			path = Utils;
			sourceTree = "<group>";
		};
		4204A08A2296858600D5124D /* Constants */ = {
			isa = PBXGroup;
			children = (
			);
			path = Constants;
			sourceTree = "<group>";
		};
		4204A08B2296858D00D5124D /* Extensions */ = {
			isa = PBXGroup;
			children = (
			);
			path = Extensions;
			sourceTree = "<group>";
		};
		4204A09822968A2400D5124D /* ProductListTable */ = {
			isa = PBXGroup;
			children = (
				4204A0902296894D00D5124D /* ProductListFilterHeader.swift */,
				4204A0922296895A00D5124D /* ProductListFilterHeader.xib */,
				4204A09622968A1B00D5124D /* ProductListFooter.swift */,
				4204A09422968A0800D5124D /* ProductListFooter.xib */,
			);
			path = ProductListTable;
			sourceTree = "<group>";
		};
/* End PBXGroup section */

/* Begin PBXNativeTarget section */
		4204A05E2296850A00D5124D /* AbodeifCheck24 */ = {
			isa = PBXNativeTarget;
			buildConfigurationList = 4204A07C2296850B00D5124D /* Build configuration list for PBXNativeTarget "AbodeifCheck24" */;
			buildPhases = (
				4204A05B2296850A00D5124D /* Sources */,
				4204A05C2296850A00D5124D /* Frameworks */,
				4204A05D2296850A00D5124D /* Resources */,
			);
			buildRules = (
			);
			dependencies = (
			);
			name = AbodeifCheck24;
			productName = AbodeifCheck24;
			productReference = 4204A05F2296850A00D5124D /* AbodeifCheck24.app */;
			productType = "com.apple.product-type.application";
		};
		4204A0722296850B00D5124D /* AbodeifCheck24Tests */ = {
			isa = PBXNativeTarget;
			buildConfigurationList = 4204A07F2296850B00D5124D /* Build configuration list for PBXNativeTarget "AbodeifCheck24Tests" */;
			buildPhases = (
				4204A06F2296850B00D5124D /* Sources */,
				4204A0702296850B00D5124D /* Frameworks */,
				4204A0712296850B00D5124D /* Resources */,
			);
			buildRules = (
			);
			dependencies = (
				4204A0752296850B00D5124D /* PBXTargetDependency */,
			);
			name = AbodeifCheck24Tests;
			productName = AbodeifCheck24Tests;
			productReference = 4204A0732296850B00D5124D /* AbodeifCheck24Tests.xctest */;
			productType = "com.apple.product-type.bundle.unit-test";
		};
/* End PBXNativeTarget section */

/* Begin PBXProject section */
		4204A0572296850A00D5124D /* Project object */ = {
			isa = PBXProject;
			attributes = {
				LastSwiftUpdateCheck = 1010;
				LastUpgradeCheck = 1010;
				ORGANIZATIONNAME = "Ahmed Abodeif";
				TargetAttributes = {
					4204A05E2296850A00D5124D = {
						CreatedOnToolsVersion = 10.1;
					};
					4204A0722296850B00D5124D = {
						CreatedOnToolsVersion = 10.1;
						TestTargetID = 4204A05E2296850A00D5124D;
					};
				};
			};
			buildConfigurationList = 4204A05A2296850A00D5124D /* Build configuration list for PBXProject "AbodeifCheck24" */;
			compatibilityVersion = "Xcode 9.3";
			developmentRegion = en;
			hasScannedForEncodings = 0;
			knownRegions = (
				en,
				Base,
			);
			mainGroup = 4204A0562296850A00D5124D;
			productRefGroup = 4204A0602296850A00D5124D /* Products */;
			projectDirPath = "";
			projectRoot = "";
			targets = (
				4204A05E2296850A00D5124D /* AbodeifCheck24 */,
				4204A0722296850B00D5124D /* AbodeifCheck24Tests */,
			);
		};
/* End PBXProject section */

/* Begin PBXResourcesBuildPhase section */
		4204A05D2296850A00D5124D /* Resources */ = {
			isa = PBXResourcesBuildPhase;
			buildActionMask = 2147483647;
			files = (
				4204A0932296895A00D5124D /* ProductListFilterHeader.xib in Resources */,
				4204A06D2296850B00D5124D /* LaunchScreen.storyboard in Resources */,
				4204A06A2296850B00D5124D /* Assets.xcassets in Resources */,
				4204A0682296850A00D5124D /* Main.storyboard in Resources */,
				4204A09522968A0800D5124D /* ProductListFooter.xib in Resources */,
			);
			runOnlyForDeploymentPostprocessing = 0;
		};
		4204A0712296850B00D5124D /* Resources */ = {
			isa = PBXResourcesBuildPhase;
			buildActionMask = 2147483647;
			files = (
			);
			runOnlyForDeploymentPostprocessing = 0;
		};
/* End PBXResourcesBuildPhase section */

/* Begin PBXSourcesBuildPhase section */
		4204A05B2296850A00D5124D /* Sources */ = {
			isa = PBXSourcesBuildPhase;
			buildActionMask = 2147483647;
			files = (
				4204A0912296894D00D5124D /* ProductListFilterHeader.swift in Sources */,
				4204A0632296850A00D5124D /* AppDelegate.swift in Sources */,
				4204A09722968A1B00D5124D /* ProductListFooter.swift in Sources */,
				4204A08F229688DD00D5124D /* ProductListTableViewController.swift in Sources */,
			);
			runOnlyForDeploymentPostprocessing = 0;
		};
		4204A06F2296850B00D5124D /* Sources */ = {
			isa = PBXSourcesBuildPhase;
			buildActionMask = 2147483647;
			files = (
				4204A0782296850B00D5124D /* AbodeifCheck24Tests.swift in Sources */,
			);
			runOnlyForDeploymentPostprocessing = 0;
		};
/* End PBXSourcesBuildPhase section */

/* Begin PBXTargetDependency section */
		4204A0752296850B00D5124D /* PBXTargetDependency */ = {
			isa = PBXTargetDependency;
			target = 4204A05E2296850A00D5124D /* AbodeifCheck24 */;
			targetProxy = 4204A0742296850B00D5124D /* PBXContainerItemProxy */;
		};
/* End PBXTargetDependency section */

/* Begin PBXVariantGroup section */
		4204A0662296850A00D5124D /* Main.storyboard */ = {
			isa = PBXVariantGroup;
			children = (
				4204A0672296850A00D5124D /* Base */,
			);
			name = Main.storyboard;
			sourceTree = "<group>";
		};
		4204A06B2296850B00D5124D /* LaunchScreen.storyboard */ = {
			isa = PBXVariantGroup;
			children = (
				4204A06C2296850B00D5124D /* Base */,
			);
			name = LaunchScreen.storyboard;
			sourceTree = "<group>";
		};
/* End PBXVariantGroup section */

/* Begin XCBuildConfiguration section */
		4204A07A2296850B00D5124D /* Debug */ = {
			isa = XCBuildConfiguration;
			buildSettings = {
				ALWAYS_SEARCH_USER_PATHS = NO;
				CLANG_ANALYZER_NONNULL = YES;
				CLANG_ANALYZER_NUMBER_OBJECT_CONVERSION = YES_AGGRESSIVE;
				CLANG_CXX_LANGUAGE_STANDARD = "gnu++14";
				CLANG_CXX_LIBRARY = "libc++";
				CLANG_ENABLE_MODULES = YES;
				CLANG_ENABLE_OBJC_ARC = YES;
				CLANG_ENABLE_OBJC_WEAK = YES;
				CLANG_WARN_BLOCK_CAPTURE_AUTORELEASING = YES;
				CLANG_WARN_BOOL_CONVERSION = YES;
				CLANG_WARN_COMMA = YES;
				CLANG_WARN_CONSTANT_CONVERSION = YES;
				CLANG_WARN_DEPRECATED_OBJC_IMPLEMENTATIONS = YES;
				CLANG_WARN_DIRECT_OBJC_ISA_USAGE = YES_ERROR;
				CLANG_WARN_DOCUMENTATION_COMMENTS = YES;
				CLANG_WARN_EMPTY_BODY = YES;
				CLANG_WARN_ENUM_CONVERSION = YES;
				CLANG_WARN_INFINITE_RECURSION = YES;
				CLANG_WARN_INT_CONVERSION = YES;
				CLANG_WARN_NON_LITERAL_NULL_CONVERSION = YES;
				CLANG_WARN_OBJC_IMPLICIT_RETAIN_SELF = YES;
				CLANG_WARN_OBJC_LITERAL_CONVERSION = YES;
				CLANG_WARN_OBJC_ROOT_CLASS = YES_ERROR;
				CLANG_WARN_RANGE_LOOP_ANALYSIS = YES;
				CLANG_WARN_STRICT_PROTOTYPES = YES;
				CLANG_WARN_SUSPICIOUS_MOVE = YES;
				CLANG_WARN_UNGUARDED_AVAILABILITY = YES_AGGRESSIVE;
				CLANG_WARN_UNREACHABLE_CODE = YES;
				CLANG_WARN__DUPLICATE_METHOD_MATCH = YES;
				CODE_SIGN_IDENTITY = "iPhone Developer";
				COPY_PHASE_STRIP = NO;
				DEBUG_INFORMATION_FORMAT = dwarf;
				ENABLE_STRICT_OBJC_MSGSEND = YES;
				ENABLE_TESTABILITY = YES;
				GCC_C_LANGUAGE_STANDARD = gnu11;
				GCC_DYNAMIC_NO_PIC = NO;
				GCC_NO_COMMON_BLOCKS = YES;
				GCC_OPTIMIZATION_LEVEL = 0;
				GCC_PREPROCESSOR_DEFINITIONS = (
					"DEBUG=1",
					"$(inherited)",
				);
				GCC_WARN_64_TO_32_BIT_CONVERSION = YES;
				GCC_WARN_ABOUT_RETURN_TYPE = YES_ERROR;
				GCC_WARN_UNDECLARED_SELECTOR = YES;
				GCC_WARN_UNINITIALIZED_AUTOS = YES_AGGRESSIVE;
				GCC_WARN_UNUSED_FUNCTION = YES;
				GCC_WARN_UNUSED_VARIABLE = YES;
				IPHONEOS_DEPLOYMENT_TARGET = 12.1;
				MTL_ENABLE_DEBUG_INFO = INCLUDE_SOURCE;
				MTL_FAST_MATH = YES;
				ONLY_ACTIVE_ARCH = YES;
				SDKROOT = iphoneos;
				SWIFT_ACTIVE_COMPILATION_CONDITIONS = DEBUG;
				SWIFT_OPTIMIZATION_LEVEL = "-Onone";
			};
			name = Debug;
		};
		4204A07B2296850B00D5124D /* Release */ = {
			isa = XCBuildConfiguration;
			buildSettings = {
				ALWAYS_SEARCH_USER_PATHS = NO;
				CLANG_ANALYZER_NONNULL = YES;
				CLANG_ANALYZER_NUMBER_OBJECT_CONVERSION = YES_AGGRESSIVE;
				CLANG_CXX_LANGUAGE_STANDARD = "gnu++14";
				CLANG_CXX_LIBRARY = "libc++";
				CLANG_ENABLE_MODULES = YES;
				CLANG_ENABLE_OBJC_ARC = YES;
				CLANG_ENABLE_OBJC_WEAK = YES;
				CLANG_WARN_BLOCK_CAPTURE_AUTORELEASING = YES;
				CLANG_WARN_BOOL_CONVERSION = YES;
				CLANG_WARN_COMMA = YES;
				CLANG_WARN_CONSTANT_CONVERSION = YES;
				CLANG_WARN_DEPRECATED_OBJC_IMPLEMENTATIONS = YES;
				CLANG_WARN_DIRECT_OBJC_ISA_USAGE = YES_ERROR;
				CLANG_WARN_DOCUMENTATION_COMMENTS = YES;
				CLANG_WARN_EMPTY_BODY = YES;
				CLANG_WARN_ENUM_CONVERSION = YES;
				CLANG_WARN_INFINITE_RECURSION = YES;
				CLANG_WARN_INT_CONVERSION = YES;
				CLANG_WARN_NON_LITERAL_NULL_CONVERSION = YES;
				CLANG_WARN_OBJC_IMPLICIT_RETAIN_SELF = YES;
				CLANG_WARN_OBJC_LITERAL_CONVERSION = YES;
				CLANG_WARN_OBJC_ROOT_CLASS = YES_ERROR;
				CLANG_WARN_RANGE_LOOP_ANALYSIS = YES;
				CLANG_WARN_STRICT_PROTOTYPES = YES;
				CLANG_WARN_SUSPICIOUS_MOVE = YES;
				CLANG_WARN_UNGUARDED_AVAILABILITY = YES_AGGRESSIVE;
				CLANG_WARN_UNREACHABLE_CODE = YES;
				CLANG_WARN__DUPLICATE_METHOD_MATCH = YES;
				CODE_SIGN_IDENTITY = "iPhone Developer";
				COPY_PHASE_STRIP = NO;
				DEBUG_INFORMATION_FORMAT = "dwarf-with-dsym";
				ENABLE_NS_ASSERTIONS = NO;
				ENABLE_STRICT_OBJC_MSGSEND = YES;
				GCC_C_LANGUAGE_STANDARD = gnu11;
				GCC_NO_COMMON_BLOCKS = YES;
				GCC_WARN_64_TO_32_BIT_CONVERSION = YES;
				GCC_WARN_ABOUT_RETURN_TYPE = YES_ERROR;
				GCC_WARN_UNDECLARED_SELECTOR = YES;
				GCC_WARN_UNINITIALIZED_AUTOS = YES_AGGRESSIVE;
				GCC_WARN_UNUSED_FUNCTION = YES;
				GCC_WARN_UNUSED_VARIABLE = YES;
				IPHONEOS_DEPLOYMENT_TARGET = 12.1;
				MTL_ENABLE_DEBUG_INFO = NO;
				MTL_FAST_MATH = YES;
				SDKROOT = iphoneos;
				SWIFT_COMPILATION_MODE = wholemodule;
				SWIFT_OPTIMIZATION_LEVEL = "-O";
				VALIDATE_PRODUCT = YES;
			};
			name = Release;
		};
		4204A07D2296850B00D5124D /* Debug */ = {
			isa = XCBuildConfiguration;
			buildSettings = {
				ASSETCATALOG_COMPILER_APPICON_NAME = AppIcon;
				CODE_SIGN_STYLE = Automatic;
				DEVELOPMENT_TEAM = 3FNCL22L6F;
				INFOPLIST_FILE = AbodeifCheck24/Info.plist;
				IPHONEOS_DEPLOYMENT_TARGET = 11.3;
				LD_RUNPATH_SEARCH_PATHS = (
					"$(inherited)",
					"@executable_path/Frameworks",
				);
				PRODUCT_BUNDLE_IDENTIFIER = Abodeif.AbodeifCheck24;
				PRODUCT_NAME = "$(TARGET_NAME)";
				SWIFT_VERSION = 4.2;
				TARGETED_DEVICE_FAMILY = "1,2";
			};
			name = Debug;
		};
		4204A07E2296850B00D5124D /* Release */ = {
			isa = XCBuildConfiguration;
			buildSettings = {
				ASSETCATALOG_COMPILER_APPICON_NAME = AppIcon;
				CODE_SIGN_STYLE = Automatic;
				DEVELOPMENT_TEAM = 3FNCL22L6F;
				INFOPLIST_FILE = AbodeifCheck24/Info.plist;
				IPHONEOS_DEPLOYMENT_TARGET = 11.3;
				LD_RUNPATH_SEARCH_PATHS = (
					"$(inherited)",
					"@executable_path/Frameworks",
				);
				PRODUCT_BUNDLE_IDENTIFIER = Abodeif.AbodeifCheck24;
				PRODUCT_NAME = "$(TARGET_NAME)";
				SWIFT_VERSION = 4.2;
				TARGETED_DEVICE_FAMILY = "1,2";
			};
			name = Release;
		};
		4204A0802296850B00D5124D /* Debug */ = {
			isa = XCBuildConfiguration;
			buildSettings = {
				ALWAYS_EMBED_SWIFT_STANDARD_LIBRARIES = YES;
				BUNDLE_LOADER = "$(TEST_HOST)";
				CODE_SIGN_STYLE = Automatic;
				DEVELOPMENT_TEAM = 3FNCL22L6F;
				INFOPLIST_FILE = AbodeifCheck24Tests/Info.plist;
				LD_RUNPATH_SEARCH_PATHS = (
					"$(inherited)",
					"@executable_path/Frameworks",
					"@loader_path/Frameworks",
				);
				PRODUCT_BUNDLE_IDENTIFIER = Abodeif.AbodeifCheck24Tests;
				PRODUCT_NAME = "$(TARGET_NAME)";
				SWIFT_VERSION = 4.2;
				TARGETED_DEVICE_FAMILY = "1,2";
				TEST_HOST = "$(BUILT_PRODUCTS_DIR)/AbodeifCheck24.app/AbodeifCheck24";
			};
			name = Debug;
		};
		4204A0812296850B00D5124D /* Release */ = {
			isa = XCBuildConfiguration;
			buildSettings = {
				ALWAYS_EMBED_SWIFT_STANDARD_LIBRARIES = YES;
				BUNDLE_LOADER = "$(TEST_HOST)";
				CODE_SIGN_STYLE = Automatic;
				DEVELOPMENT_TEAM = 3FNCL22L6F;
				INFOPLIST_FILE = AbodeifCheck24Tests/Info.plist;
				LD_RUNPATH_SEARCH_PATHS = (
					"$(inherited)",
					"@executable_path/Frameworks",
					"@loader_path/Frameworks",
				);
				PRODUCT_BUNDLE_IDENTIFIER = Abodeif.AbodeifCheck24Tests;
				PRODUCT_NAME = "$(TARGET_NAME)";
				SWIFT_VERSION = 4.2;
				TARGETED_DEVICE_FAMILY = "1,2";
				TEST_HOST = "$(BUILT_PRODUCTS_DIR)/AbodeifCheck24.app/AbodeifCheck24";
			};
			name = Release;
		};
/* End XCBuildConfiguration section */

/* Begin XCConfigurationList section */
		4204A05A2296850A00D5124D /* Build configuration list for PBXProject "AbodeifCheck24" */ = {
			isa = XCConfigurationList;
			buildConfigurations = (
				4204A07A2296850B00D5124D /* Debug */,
				4204A07B2296850B00D5124D /* Release */,
			);
			defaultConfigurationIsVisible = 0;
			defaultConfigurationName = Release;
		};
		4204A07C2296850B00D5124D /* Build configuration list for PBXNativeTarget "AbodeifCheck24" */ = {
			isa = XCConfigurationList;
			buildConfigurations = (
				4204A07D2296850B00D5124D /* Debug */,
				4204A07E2296850B00D5124D /* Release */,
			);
			defaultConfigurationIsVisible = 0;
			defaultConfigurationName = Release;
		};
		4204A07F2296850B00D5124D /* Build configuration list for PBXNativeTarget "AbodeifCheck24Tests" */ = {
			isa = XCConfigurationList;
			buildConfigurations = (
				4204A0802296850B00D5124D /* Debug */,
				4204A0812296850B00D5124D /* Release */,
			);
			defaultConfigurationIsVisible = 0;
			defaultConfigurationName = Release;
		};
/* End XCConfigurationList section */
	};
	rootObject = 4204A0572296850A00D5124D /* Project object */;
}
